
Microsoft Visual Studio Solution File, Format Version 12.00
# Visual Studio Version 17
VisualStudioVersion = 17.5.002.0
MinimumVisualStudioVersion = 10.0.40219.1
Project("{9A19103F-16F7-4668-BE54-9A1E7A4F7556}") = "restream", "restream.csproj", "{00967D23-1E8B-44C6-86F2-0462E6225651}"
EndProject
Global
	GlobalSection(SolutionConfigurationPlatforms) = preSolution
		Debug|Any CPU = Debug|Any CPU
		Release|Any CPU = Release|Any CPU
	EndGlobalSection
	GlobalSection(ProjectConfigurationPlatforms) = postSolution
		{00967D23-1E8B-44C6-86F2-0462E6225651}.Debug|Any CPU.ActiveCfg = Debug|Any CPU
		{00967D23-1E8B-44C6-86F2-0462E6225651}.Debug|Any CPU.Build.0 = Debug|Any CPU
		{00967D23-1E8B-44C6-86F2-0462E6225651}.Release|Any CPU.ActiveCfg = Release|Any CPU
		{00967D23-1E8B-44C6-86F2-0462E6225651}.Release|Any CPU.Build.0 = Release|Any CPU
	EndGlobalSection
	GlobalSection(SolutionProperties) = preSolution
		HideSolutionNode = FALSE
	EndGlobalSection
	GlobalSection(ExtensibilityGlobals) = postSolution
		SolutionGuid = {F729E7E7-F812-40D4-A0A9-F0E49BF15652}
	EndGlobalSection
EndGlobal
